
Microsoft Visual Studio Solution File, Format Version 12.00
# Visual Studio Version 17
VisualStudioVersion = 17.2.32519.379
MinimumVisualStudioVersion = 10.0.40219.1
Project("{FAE04EC0-301F-11D3-BF4B-00C04F79EFBC}") = "Core.Application", "Core\Core.Application.csproj", "{4130D773-4930-4C21-9BCF-0C5244F585D0}"
EndProject
Project("{00D1A9C2-B5F0-4AF3-8072-F6C62B433612}") = "Core.Database", "Core.DB\Core.Database.sqlproj", "{69D3C1A3-AF30-40B7-B492-8E9ACCDEF839}"
EndProject
Project("{9A19103F-16F7-4668-BE54-9A1E7A4F7556}") = "Core.Service", "Core.Service\Core.Service.csproj", "{DDFE6FA5-59C0-4A8B-A715-3B0863AD3CA2}"
EndProject
Global
	GlobalSection(SolutionConfigurationPlatforms) = preSolution
		Debug|Any CPU = Debug|Any CPU
		Release|Any CPU = Release|Any CPU
	EndGlobalSection
	GlobalSection(ProjectConfigurationPlatforms) = postSolution
		{4130D773-4930-4C21-9BCF-0C5244F585D0}.Debug|Any CPU.ActiveCfg = Debug|Any CPU
		{4130D773-4930-4C21-9BCF-0C5244F585D0}.Debug|Any CPU.Build.0 = Debug|Any CPU
		{4130D773-4930-4C21-9BCF-0C5244F585D0}.Release|Any CPU.ActiveCfg = Release|Any CPU
		{4130D773-4930-4C21-9BCF-0C5244F585D0}.Release|Any CPU.Build.0 = Release|Any CPU
		{69D3C1A3-AF30-40B7-B492-8E9ACCDEF839}.Debug|Any CPU.ActiveCfg = Debug|Any CPU
		{69D3C1A3-AF30-40B7-B492-8E9ACCDEF839}.Debug|Any CPU.Build.0 = Debug|Any CPU
		{69D3C1A3-AF30-40B7-B492-8E9ACCDEF839}.Debug|Any CPU.Deploy.0 = Debug|Any CPU
		{69D3C1A3-AF30-40B7-B492-8E9ACCDEF839}.Release|Any CPU.ActiveCfg = Release|Any CPU
		{69D3C1A3-AF30-40B7-B492-8E9ACCDEF839}.Release|Any CPU.Build.0 = Release|Any CPU
		{69D3C1A3-AF30-40B7-B492-8E9ACCDEF839}.Release|Any CPU.Deploy.0 = Release|Any CPU
		{DDFE6FA5-59C0-4A8B-A715-3B0863AD3CA2}.Debug|Any CPU.ActiveCfg = Debug|Any CPU
		{DDFE6FA5-59C0-4A8B-A715-3B0863AD3CA2}.Debug|Any CPU.Build.0 = Debug|Any CPU
		{DDFE6FA5-59C0-4A8B-A715-3B0863AD3CA2}.Release|Any CPU.ActiveCfg = Release|Any CPU
		{DDFE6FA5-59C0-4A8B-A715-3B0863AD3CA2}.Release|Any CPU.Build.0 = Release|Any CPU
	EndGlobalSection
	GlobalSection(SolutionProperties) = preSolution
		HideSolutionNode = FALSE
	EndGlobalSection
	GlobalSection(ExtensibilityGlobals) = postSolution
		SolutionGuid = {601BE826-448F-44F6-AB37-B3ACBA78214C}
	EndGlobalSection
EndGlobal
